
Microsoft Visual Studio Solution File, Format Version 12.00
# Visual Studio Version 16
VisualStudioVersion = 16.0.32510.428
MinimumVisualStudioVersion = 10.0.40219.1
Project("{FAE04EC0-301F-11D3-BF4B-00C04F79EFBC}") = "JSON_DB_APP", "JSON_DB_APP\JSON_DB_APP.csproj", "{BD08AF55-19CD-47CF-9A17-B23B9558BDA3}"
EndProject
Global
	GlobalSection(SolutionConfigurationPlatforms) = preSolution
		Debug|Any CPU = Debug|Any CPU
		Release|Any CPU = Release|Any CPU
	EndGlobalSection
	GlobalSection(ProjectConfigurationPlatforms) = postSolution
		{BD08AF55-19CD-47CF-9A17-B23B9558BDA3}.Debug|Any CPU.ActiveCfg = Debug|Any CPU
		{BD08AF55-19CD-47CF-9A17-B23B9558BDA3}.Debug|Any CPU.Build.0 = Debug|Any CPU
		{BD08AF55-19CD-47CF-9A17-B23B9558BDA3}.Release|Any CPU.ActiveCfg = Release|Any CPU
		{BD08AF55-19CD-47CF-9A17-B23B9558BDA3}.Release|Any CPU.Build.0 = Release|Any CPU
	EndGlobalSection
	GlobalSection(SolutionProperties) = preSolution
		HideSolutionNode = FALSE
	EndGlobalSection
	GlobalSection(ExtensibilityGlobals) = postSolution
		SolutionGuid = {D9D352D7-588E-4717-9286-A274A75249FE}
	EndGlobalSection
EndGlobal
